{
	"name": "srocket-validation-joi",
	"version": "2.0.2",
	"lockfileVersion": 1,
	"requires": true,
	"dependencies": {
		"@types/joi": {
			"version": "14.3.3",
			"resolved": "https://registry.npmjs.org/@types/joi/-/joi-14.3.3.tgz",
			"integrity": "sha512-6gAT/UkIzYb7zZulAbcof3lFxpiD5EI6xBeTvkL1wYN12pnFQ+y/+xl9BvnVgxkmaIDN89xWhGZLD9CvuOtZ9g=="
		},
		"@types/node": {
			"version": "12.0.3",
			"resolved": "https://registry.npmjs.org/@types/node/-/node-12.0.3.tgz",
			"integrity": "sha512-zkOxCS/fA+3SsdA+9Yun0iANxzhQRiNwTvJSr6N95JhuJ/x27z9G2URx1Jpt3zYFfCGUXZGL5UDxt5eyLE7wgw=="
		},
		"@types/socket.io": {
			"version": "2.1.2",
			"resolved": "https://registry.npmjs.org/@types/socket.io/-/socket.io-2.1.2.tgz",
			"integrity": "sha512-Ind+4qMNfQ62llyB4IMs1D8znMEBsMKohZBPqfBUIXqLQ9bdtWIbNTBWwtdcBWJKnokMZGcmWOOKslatni5vtA==",
			"requires": {
				"@types/node": "*"
			}
		},
		"accepts": {
			"version": "1.3.8",
			"resolved": "https://registry.npmjs.org/accepts/-/accepts-1.3.8.tgz",
			"integrity": "sha512-PYAthTa2m2VKxuvSD3DPC/Gy+U+sOA1LAuT8mkmRuvw+NACSaeXEQ+NHcVF7rONl6qcaxV3Uuemwawk+7+SJLw==",
			"requires": {
				"mime-types": "~2.1.34",
				"negotiator": "0.6.3"
			}
		},
		"after": {
			"version": "0.8.2",
			"resolved": "https://registry.npmjs.org/after/-/after-0.8.2.tgz",
			"integrity": "sha512-QbJ0NTQ/I9DI3uSJA4cbexiwQeRAfjPScqIbSjUDd9TOrcg6pTkdgziesOqxBMBzit8vFCTwrP27t13vFOORRA=="
		},
		"arraybuffer.slice": {
			"version": "0.0.7",
			"resolved": "https://registry.npmjs.org/arraybuffer.slice/-/arraybuffer.slice-0.0.7.tgz",
			"integrity": "sha512-wGUIVQXuehL5TCqQun8OW81jGzAWycqzFF8lFp+GOM5BXLYj3bKNsYC4daB7n6XjCqxQA/qgTJ+8ANR3acjrog=="
		},
		"async-limiter": {
			"version": "1.0.1",
			"resolved": "https://registry.npmjs.org/async-limiter/-/async-limiter-1.0.1.tgz",
			"integrity": "sha512-csOlWGAcRFJaI6m+F2WKdnMKr4HhdhFVBk0H/QbJFMCr+uO2kwohwXQPxw/9OCxp05r5ghVBFSyioixx3gfkNQ=="
		},
		"backo2": {
			"version": "1.0.2",
			"resolved": "https://registry.npmjs.org/backo2/-/backo2-1.0.2.tgz",
			"integrity": "sha512-zj6Z6M7Eq+PBZ7PQxl5NT665MvJdAkzp0f60nAJ+sLaSCBPMwVak5ZegFbgVCzFcCJTKFoMizvM5Ld7+JrRJHA=="
		},
		"base64-arraybuffer": {
			"version": "0.1.5",
			"resolved": "https://registry.npmjs.org/base64-arraybuffer/-/base64-arraybuffer-0.1.5.tgz",
			"integrity": "sha512-437oANT9tP582zZMwSvZGy2nmSeAb8DW2me3y+Uv1Wp2Rulr8Mqlyrv3E7MLxmsiaPSMMDmiDVzgE+e8zlMx9g=="
		},
		"base64id": {
			"version": "1.0.0",
			"resolved": "https://registry.npmjs.org/base64id/-/base64id-1.0.0.tgz",
			"integrity": "sha512-rz8L+d/xByiB/vLVftPkyY215fqNrmasrcJsYkVcm4TgJNz+YXKrFaFAWibSaHkiKoSgMDCb+lipOIRQNGYesw=="
		},
		"better-assert": {
			"version": "1.0.2",
			"resolved": "https://registry.npmjs.org/better-assert/-/better-assert-1.0.2.tgz",
			"integrity": "sha512-bYeph2DFlpK1XmGs6fvlLRUN29QISM3GBuUwSFsMY2XRx4AvC0WNCS57j4c/xGrK2RS24C1w3YoBOsw9fT46tQ==",
			"requires": {
				"callsite": "1.0.0"
			}
		},
		"blob": {
			"version": "0.0.5",
			"resolved": "https://registry.npmjs.org/blob/-/blob-0.0.5.tgz",
			"integrity": "sha512-gaqbzQPqOoamawKg0LGVd7SzLgXS+JH61oWprSLH+P+abTczqJbhTR8CmJ2u9/bUYNmHTGJx/UEmn6doAvvuig=="
		},
		"callsite": {
			"version": "1.0.0",
			"resolved": "https://registry.npmjs.org/callsite/-/callsite-1.0.0.tgz",
			"integrity": "sha512-0vdNRFXn5q+dtOqjfFtmtlI9N2eVZ7LMyEV2iKC5mEEFvSg/69Ml6b/WU2qF8W1nLRa0wiSrDT3Y5jOHZCwKPQ=="
		},
		"component-bind": {
			"version": "1.0.0",
			"resolved": "https://registry.npmjs.org/component-bind/-/component-bind-1.0.0.tgz",
			"integrity": "sha512-WZveuKPeKAG9qY+FkYDeADzdHyTYdIboXS59ixDeRJL5ZhxpqUnxSOwop4FQjMsiYm3/Or8cegVbpAHNA7pHxw=="
		},
		"component-emitter": {
			"version": "1.2.1",
			"resolved": "https://registry.npmjs.org/component-emitter/-/component-emitter-1.2.1.tgz",
			"integrity": "sha512-jPatnhd33viNplKjqXKRkGU345p263OIWzDL2wH3LGIGp5Kojo+uXizHmOADRvhGFFTnJqX3jBAKP6vvmSDKcA=="
		},
		"component-inherit": {
			"version": "0.0.3",
			"resolved": "https://registry.npmjs.org/component-inherit/-/component-inherit-0.0.3.tgz",
			"integrity": "sha512-w+LhYREhatpVqTESyGFg3NlP6Iu0kEKUHETY9GoZP/pQyW4mHFZuFWRUCIqVPZ36ueVLtoOEZaAqbCF2RDndaA=="
		},
		"cookie": {
			"version": "0.3.1",
			"resolved": "https://registry.npmjs.org/cookie/-/cookie-0.3.1.tgz",
			"integrity": "sha512-+IJOX0OqlHCszo2mBUq+SrEbCj6w7Kpffqx60zYbPTFaO4+yYgRjHwcZNpWvaTylDHaV7PPmBHzSecZiMhtPgw=="
		},
		"debug": {
			"version": "4.1.1",
			"resolved": "https://registry.npmjs.org/debug/-/debug-4.1.1.tgz",
			"integrity": "sha512-pYAIzeRo8J6KPEaJ0VWOh5Pzkbw/RetuzehGM7QRRX5he4fPHx2rdKMB256ehJCkX+XRQm16eZLqLNS8RSZXZw==",
			"requires": {
				"ms": "^2.1.1"
			}
		},
		"engine.io": {
			"version": "3.3.2",
			"resolved": "https://registry.npmjs.org/engine.io/-/engine.io-3.3.2.tgz",
			"integrity": "sha512-AsaA9KG7cWPXWHp5FvHdDWY3AMWeZ8x+2pUVLcn71qE5AtAzgGbxuclOytygskw8XGmiQafTmnI9Bix3uihu2w==",
			"requires": {
				"accepts": "~1.3.4",
				"base64id": "1.0.0",
				"cookie": "0.3.1",
				"debug": "~3.1.0",
				"engine.io-parser": "~2.1.0",
				"ws": "~6.1.0"
			},
			"dependencies": {
				"debug": {
					"version": "3.1.0",
					"resolved": "https://registry.npmjs.org/debug/-/debug-3.1.0.tgz",
					"integrity": "sha512-OX8XqP7/1a9cqkxYw2yXss15f26NKWBpDXQd0/uK/KPqdQhxbPa994hnzjcE2VqQpDslf55723cKPUOGSmMY3g==",
					"requires": {
						"ms": "2.0.0"
					}
				},
				"ms": {
					"version": "2.0.0",
					"resolved": "https://registry.npmjs.org/ms/-/ms-2.0.0.tgz",
					"integrity": "sha512-Tpp60P6IUJDTuOq/5Z8cdskzJujfwqfOTkrwIwj7IRISpnkJnT6SyJ4PCPnGMoFjC9ddhal5KVIYtAt97ix05A=="
				}
			}
		},
		"engine.io-client": {
			"version": "3.3.3",
			"resolved": "https://registry.npmjs.org/engine.io-client/-/engine.io-client-3.3.3.tgz",
			"integrity": "sha512-PXIgpzb1brtBzh8Q6vCjzCMeu4nfEPmaDm+L3Qb2sVHwLkxC1qRiBMSjOB0NJNjZ0hbPNUKQa+s8J2XxLOIEeQ==",
			"requires": {
				"component-emitter": "1.2.1",
				"component-inherit": "0.0.3",
				"debug": "~3.1.0",
				"engine.io-parser": "~2.1.1",
				"has-cors": "1.1.0",
				"indexof": "0.0.1",
				"parseqs": "0.0.5",
				"parseuri": "0.0.5",
				"ws": "~6.1.0",
				"xmlhttprequest-ssl": "~1.6.3",
				"yeast": "0.1.2"
			},
			"dependencies": {
				"debug": {
					"version": "3.1.0",
					"resolved": "https://registry.npmjs.org/debug/-/debug-3.1.0.tgz",
					"integrity": "sha512-OX8XqP7/1a9cqkxYw2yXss15f26NKWBpDXQd0/uK/KPqdQhxbPa994hnzjcE2VqQpDslf55723cKPUOGSmMY3g==",
					"requires": {
						"ms": "2.0.0"
					}
				},
				"ms": {
					"version": "2.0.0",
					"resolved": "https://registry.npmjs.org/ms/-/ms-2.0.0.tgz",
					"integrity": "sha512-Tpp60P6IUJDTuOq/5Z8cdskzJujfwqfOTkrwIwj7IRISpnkJnT6SyJ4PCPnGMoFjC9ddhal5KVIYtAt97ix05A=="
				}
			}
		},
		"engine.io-parser": {
			"version": "2.1.3",
			"resolved": "https://registry.npmjs.org/engine.io-parser/-/engine.io-parser-2.1.3.tgz",
			"integrity": "sha512-6HXPre2O4Houl7c4g7Ic/XzPnHBvaEmN90vtRO9uLmwtRqQmTOw0QMevL1TOfL2Cpu1VzsaTmMotQgMdkzGkVA==",
			"requires": {
				"after": "0.8.2",
				"arraybuffer.slice": "~0.0.7",
				"base64-arraybuffer": "0.1.5",
				"blob": "0.0.5",
				"has-binary2": "~1.0.2"
			}
		},
		"fp-ts": {
			"version": "1.19.5",
			"resolved": "https://registry.npmjs.org/fp-ts/-/fp-ts-1.19.5.tgz",
			"integrity": "sha512-wDNqTimnzs8QqpldiId9OavWK2NptormjXnRJTQecNjzwfyp6P/8s/zG8e4h3ja3oqkKaY72UlTjQYt/1yXf9A=="
		},
		"has-binary2": {
			"version": "1.0.3",
			"resolved": "https://registry.npmjs.org/has-binary2/-/has-binary2-1.0.3.tgz",
			"integrity": "sha512-G1LWKhDSvhGeAQ8mPVQlqNcOB2sJdwATtZKl2pDKKHfpf/rYj24lkinxf69blJbnsvtqqNU+L3SL50vzZhXOnw==",
			"requires": {
				"isarray": "2.0.1"
			}
		},
		"has-cors": {
			"version": "1.1.0",
			"resolved": "https://registry.npmjs.org/has-cors/-/has-cors-1.1.0.tgz",
			"integrity": "sha512-g5VNKdkFuUuVCP9gYfDJHjK2nqdQJ7aDLTnycnc2+RvsOQbuLdF5pm7vuE5J76SEBIQjs4kQY/BWq74JUmjbXA=="
		},
		"hoek": {
			"version": "6.1.3",
			"resolved": "https://registry.npmjs.org/hoek/-/hoek-6.1.3.tgz",
			"integrity": "sha512-YXXAAhmF9zpQbC7LEcREFtXfGq5K1fmd+4PHkBq8NUqmzW3G+Dq10bI/i0KucLRwss3YYFQ0fSfoxBZYiGUqtQ=="
		},
		"indexof": {
			"version": "0.0.1",
			"resolved": "https://registry.npmjs.org/indexof/-/indexof-0.0.1.tgz",
			"integrity": "sha512-i0G7hLJ1z0DE8dsqJa2rycj9dBmNKgXBvotXtZYXakU9oivfB9Uj2ZBC27qqef2U58/ZLwalxa1X/RDCdkHtVg=="
		},
		"inversify": {
			"version": "5.0.1",
			"resolved": "https://registry.npmjs.org/inversify/-/inversify-5.0.1.tgz",
			"integrity": "sha512-Ieh06s48WnEYGcqHepdsJUIJUXpwH5o5vodAX+DK2JA/gjy4EbEcQZxw+uFfzysmKjiLXGYwNG3qDZsKVMcINQ=="
		},
		"inversify-inject-decorators": {
			"version": "3.1.0",
			"resolved": "https://registry.npmjs.org/inversify-inject-decorators/-/inversify-inject-decorators-3.1.0.tgz",
			"integrity": "sha512-/seBlVp5bXrLQS3DpKEmlgeZL6C7Tf/QITd+IMQrbBBGuCbxb7k3hRAWu9XSreNpFzLgSboz3sClLSEmGwHphw=="
		},
		"io-ts": {
			"version": "1.10.4",
			"resolved": "https://registry.npmjs.org/io-ts/-/io-ts-1.10.4.tgz",
			"integrity": "sha512-b23PteSnYXSONJ6JQXRAlvJhuw8KOtkqa87W4wDtvMrud/DTJd5X+NpOOI+O/zZwVq6v0VLAaJ+1EDViKEuN9g==",
			"requires": {
				"fp-ts": "^1.0.0"
			}
		},
		"isarray": {
			"version": "2.0.1",
			"resolved": "https://registry.npmjs.org/isarray/-/isarray-2.0.1.tgz",
			"integrity": "sha512-c2cu3UxbI+b6kR3fy0nRnAhodsvR9dx7U5+znCOzdj6IfP3upFURTr0Xl5BlQZNKZjEtxrmVyfSdeE3O57smoQ=="
		},
		"isemail": {
			"version": "3.2.0",
			"resolved": "https://registry.npmjs.org/isemail/-/isemail-3.2.0.tgz",
			"integrity": "sha512-zKqkK+O+dGqevc93KNsbZ/TqTUFd46MwWjYOoMrjIMZ51eU7DtQG3Wmd9SQQT7i7RVnuTPEiYEWHU3MSbxC1Tg==",
			"requires": {
				"punycode": "2.x.x"
			}
		},
		"joi": {
			"version": "14.3.1",
			"resolved": "https://registry.npmjs.org/joi/-/joi-14.3.1.tgz",
			"integrity": "sha512-LQDdM+pkOrpAn4Lp+neNIFV3axv1Vna3j38bisbQhETPMANYRbFJFUyOZcOClYvM/hppMhGWuKSFEK9vjrB+bQ==",
			"requires": {
				"hoek": "6.x.x",
				"isemail": "3.x.x",
				"topo": "3.x.x"
			}
		},
		"mime-db": {
			"version": "1.52.0",
			"resolved": "https://registry.npmjs.org/mime-db/-/mime-db-1.52.0.tgz",
			"integrity": "sha512-sPU4uV7dYlvtWJxwwxHD0PuihVNiE7TyAbQ5SWxDCB9mUYvOgroQOwYQQOKPJ8CIbE+1ETVlOoK1UC2nU3gYvg=="
		},
		"mime-types": {
			"version": "2.1.35",
			"resolved": "https://registry.npmjs.org/mime-types/-/mime-types-2.1.35.tgz",
			"integrity": "sha512-ZDY+bPm5zTTF+YpCrAU9nK0UgICYPT0QtT1NZWFv4s++TNkcgVaT0g6+4R2uI4MjQjzysHB1zxuWL50hzaeXiw==",
			"requires": {
				"mime-db": "1.52.0"
			}
		},
		"ms": {
			"version": "2.1.3",
			"resolved": "https://registry.npmjs.org/ms/-/ms-2.1.3.tgz",
			"integrity": "sha512-6FlzubTLZG3J2a/NVCAleEhjzq5oxgHyaCU9yYXvcLsvoVaHJq/s5xXI6/XXP6tz7R9xAOtHnSO/tXtF3WRTlA=="
		},
		"negotiator": {
			"version": "0.6.3",
			"resolved": "https://registry.npmjs.org/negotiator/-/negotiator-0.6.3.tgz",
			"integrity": "sha512-+EUsqGPLsM+j/zdChZjsnX51g4XrHFOIXwfnCVPGlQk/k5giakcKsuxCObBRu6DSm9opw/O6slWbJdghQM4bBg=="
		},
		"object-component": {
			"version": "0.0.3",
			"resolved": "https://registry.npmjs.org/object-component/-/object-component-0.0.3.tgz",
			"integrity": "sha512-S0sN3agnVh2SZNEIGc0N1X4Z5K0JeFbGBrnuZpsxuUh5XLF0BnvWkMjRXo/zGKLd/eghvNIKcx1pQkmUjXIyrA=="
		},
		"parseqs": {
			"version": "0.0.5",
			"resolved": "https://registry.npmjs.org/parseqs/-/parseqs-0.0.5.tgz",
			"integrity": "sha512-B3Nrjw2aL7aI4TDujOzfA4NsEc4u1lVcIRE0xesutH8kjeWF70uk+W5cBlIQx04zUH9NTBvuN36Y9xLRPK6Jjw==",
			"requires": {
				"better-assert": "~1.0.0"
			}
		},
		"parseuri": {
			"version": "0.0.5",
			"resolved": "https://registry.npmjs.org/parseuri/-/parseuri-0.0.5.tgz",
			"integrity": "sha512-ijhdxJu6l5Ru12jF0JvzXVPvsC+VibqeaExlNoMhWN6VQ79PGjkmc7oA4W1lp00sFkNyj0fx6ivPLdV51/UMog==",
			"requires": {
				"better-assert": "~1.0.0"
			}
		},
		"punycode": {
			"version": "2.1.1",
			"resolved": "https://registry.npmjs.org/punycode/-/punycode-2.1.1.tgz",
			"integrity": "sha512-XRsRjdf+j5ml+y/6GKHPZbrF/8p2Yga0JPtdqTIY2Xe5ohJPD9saDJJLPvp9+NSBprVvevdXZybnj2cv8OEd0A=="
		},
		"reflect-metadata": {
			"version": "0.1.13",
			"resolved": "https://registry.npmjs.org/reflect-metadata/-/reflect-metadata-0.1.13.tgz",
			"integrity": "sha512-Ts1Y/anZELhSsjMcU605fU9RE4Oi3p5ORujwbIKXfWa+0Zxs510Qrmrce5/Jowq3cHSZSJqBjypxmHarc+vEWg=="
		},
		"socket.io": {
			"version": "2.2.0",
			"resolved": "https://registry.npmjs.org/socket.io/-/socket.io-2.2.0.tgz",
			"integrity": "sha512-wxXrIuZ8AILcn+f1B4ez4hJTPG24iNgxBBDaJfT6MsyOhVYiTXWexGoPkd87ktJG8kQEcL/NBvRi64+9k4Kc0w==",
			"requires": {
				"debug": "~4.1.0",
				"engine.io": "~3.3.1",
				"has-binary2": "~1.0.2",
				"socket.io-adapter": "~1.1.0",
				"socket.io-client": "2.2.0",
				"socket.io-parser": "~3.3.0"
			}
		},
		"socket.io-adapter": {
			"version": "1.1.2",
			"resolved": "https://registry.npmjs.org/socket.io-adapter/-/socket.io-adapter-1.1.2.tgz",
			"integrity": "sha512-WzZRUj1kUjrTIrUKpZLEzFZ1OLj5FwLlAFQs9kuZJzJi5DKdU7FsWc36SNmA8iDOtwBQyT8FkrriRM8vXLYz8g=="
		},
		"socket.io-client": {
			"version": "2.2.0",
			"resolved": "https://registry.npmjs.org/socket.io-client/-/socket.io-client-2.2.0.tgz",
			"integrity": "sha512-56ZrkTDbdTLmBIyfFYesgOxsjcLnwAKoN4CiPyTVkMQj3zTUh0QAx3GbvIvLpFEOvQWu92yyWICxB0u7wkVbYA==",
			"requires": {
				"backo2": "1.0.2",
				"base64-arraybuffer": "0.1.5",
				"component-bind": "1.0.0",
				"component-emitter": "1.2.1",
				"debug": "~3.1.0",
				"engine.io-client": "~3.3.1",
				"has-binary2": "~1.0.2",
				"has-cors": "1.1.0",
				"indexof": "0.0.1",
				"object-component": "0.0.3",
				"parseqs": "0.0.5",
				"parseuri": "0.0.5",
				"socket.io-parser": "~3.3.0",
				"to-array": "0.1.4"
			},
			"dependencies": {
				"debug": {
					"version": "3.1.0",
					"resolved": "https://registry.npmjs.org/debug/-/debug-3.1.0.tgz",
					"integrity": "sha512-OX8XqP7/1a9cqkxYw2yXss15f26NKWBpDXQd0/uK/KPqdQhxbPa994hnzjcE2VqQpDslf55723cKPUOGSmMY3g==",
					"requires": {
						"ms": "2.0.0"
					}
				},
				"ms": {
					"version": "2.0.0",
					"resolved": "https://registry.npmjs.org/ms/-/ms-2.0.0.tgz",
					"integrity": "sha512-Tpp60P6IUJDTuOq/5Z8cdskzJujfwqfOTkrwIwj7IRISpnkJnT6SyJ4PCPnGMoFjC9ddhal5KVIYtAt97ix05A=="
				}
			}
		},
		"socket.io-parser": {
			"version": "3.3.3",
			"resolved": "https://registry.npmjs.org/socket.io-parser/-/socket.io-parser-3.3.3.tgz",
			"integrity": "sha512-qOg87q1PMWWTeO01768Yh9ogn7chB9zkKtQnya41Y355S0UmpXgpcrFwAgjYJxu9BdKug5r5e9YtVSeWhKBUZg==",
			"requires": {
				"component-emitter": "~1.3.0",
				"debug": "~3.1.0",
				"isarray": "2.0.1"
			},
			"dependencies": {
				"component-emitter": {
					"version": "1.3.0",
					"resolved": "https://registry.npmjs.org/component-emitter/-/component-emitter-1.3.0.tgz",
					"integrity": "sha512-Rd3se6QB+sO1TwqZjscQrurpEPIfO0/yYnSin6Q/rD3mOutHvUrCAhJub3r90uNb+SESBuE0QYoB90YdfatsRg=="
				},
				"debug": {
					"version": "3.1.0",
					"resolved": "https://registry.npmjs.org/debug/-/debug-3.1.0.tgz",
					"integrity": "sha512-OX8XqP7/1a9cqkxYw2yXss15f26NKWBpDXQd0/uK/KPqdQhxbPa994hnzjcE2VqQpDslf55723cKPUOGSmMY3g==",
					"requires": {
						"ms": "2.0.0"
					}
				},
				"ms": {
					"version": "2.0.0",
					"resolved": "https://registry.npmjs.org/ms/-/ms-2.0.0.tgz",
					"integrity": "sha512-Tpp60P6IUJDTuOq/5Z8cdskzJujfwqfOTkrwIwj7IRISpnkJnT6SyJ4PCPnGMoFjC9ddhal5KVIYtAt97ix05A=="
				}
			}
		},
		"srocket": {
			"version": "2.2.1",
			"resolved": "https://registry.npmjs.org/srocket/-/srocket-2.2.1.tgz",
			"integrity": "sha512-Ef6RrTfAp0PW0y//0oYW78ZpWsdY0vI5m3juOpBd3lVFGpi7u9p8yXlCmDv0MATfUtFAScV7y99HC7fonS7vfg==",
			"requires": {
				"@types/socket.io": "2.1.2",
				"inversify": "5.0.1",
				"inversify-inject-decorators": "^3.1.0",
				"io-ts": "^1.8.6",
				"reflect-metadata": "0.1.13",
				"socket.io": "2.2.0",
				"typescript": "3.4.5"
			},
			"dependencies": {
				"typescript": {
					"version": "3.4.5",
					"resolved": "https://registry.npmjs.org/typescript/-/typescript-3.4.5.tgz",
					"integrity": "sha512-YycBxUb49UUhdNMU5aJ7z5Ej2XGmaIBL0x34vZ82fn3hGvD+bgrMrVDpatgz2f7YxUMJxMkbWxJZeAvDxVe7Vw=="
				}
			}
		},
		"to-array": {
			"version": "0.1.4",
			"resolved": "https://registry.npmjs.org/to-array/-/to-array-0.1.4.tgz",
			"integrity": "sha512-LhVdShQD/4Mk4zXNroIQZJC+Ap3zgLcDuwEdcmLv9CCO73NWockQDwyUnW/m8VX/EElfL6FcYx7EeutN4HJA6A=="
		},
		"topo": {
			"version": "3.0.3",
			"resolved": "https://registry.npmjs.org/topo/-/topo-3.0.3.tgz",
			"integrity": "sha512-IgpPtvD4kjrJ7CRA3ov2FhWQADwv+Tdqbsf1ZnPUSAtCJ9e1Z44MmoSGDXGk4IppoZA7jd/QRkNddlLJWlUZsQ==",
			"requires": {
				"hoek": "6.x.x"
			}
		},
		"typescript": {
			"version": "3.5.1",
			"resolved": "https://registry.npmjs.org/typescript/-/typescript-3.5.1.tgz",
			"integrity": "sha512-64HkdiRv1yYZsSe4xC1WVgamNigVYjlssIoaH2HcZF0+ijsk5YK2g0G34w9wJkze8+5ow4STd22AynfO6ZYYLw=="
		},
		"ws": {
			"version": "6.1.4",
			"resolved": "https://registry.npmjs.org/ws/-/ws-6.1.4.tgz",
			"integrity": "sha512-eqZfL+NE/YQc1/ZynhojeV8q+H050oR8AZ2uIev7RU10svA9ZnJUddHcOUZTJLinZ9yEfdA2kSATS2qZK5fhJA==",
			"requires": {
				"async-limiter": "~1.0.0"
			}
		},
		"xmlhttprequest-ssl": {
			"version": "1.6.3",
			"resolved": "https://registry.npmjs.org/xmlhttprequest-ssl/-/xmlhttprequest-ssl-1.6.3.tgz",
			"integrity": "sha512-3XfeQE/wNkvrIktn2Kf0869fC0BN6UpydVasGIeSm2B1Llihf7/0UfZM+eCkOw3P7bP4+qPgqhm7ZoxuJtFU0Q=="
		},
		"yeast": {
			"version": "0.1.2",
			"resolved": "https://registry.npmjs.org/yeast/-/yeast-0.1.2.tgz",
			"integrity": "sha512-8HFIh676uyGYP6wP13R/j6OJ/1HwJ46snpvzE7aHAN3Ryqh2yX6Xox2B4CUmTwwOIzlG3Bs7ocsP5dZH/R1Qbg=="
		}
	}
}
